
Microsoft Visual Studio Solution File, Format Version 12.00
# Visual Studio Version 16
VisualStudioVersion = 16.0.32106.194
MinimumVisualStudioVersion = 10.0.40219.1
Project("{FAE04EC0-301F-11D3-BF4B-00C04F79EFBC}") = "CrudTimesCS", "CrudTimesCS\CrudTimesCS.csproj", "{2A6B465E-AD4D-4C92-BA8B-B80538FA6DD1}"
EndProject
Global
	GlobalSection(SolutionConfigurationPlatforms) = preSolution
		Debug|Any CPU = Debug|Any CPU
		Release|Any CPU = Release|Any CPU
	EndGlobalSection
	GlobalSection(ProjectConfigurationPlatforms) = postSolution
		{2A6B465E-AD4D-4C92-BA8B-B80538FA6DD1}.Debug|Any CPU.ActiveCfg = Debug|Any CPU
		{2A6B465E-AD4D-4C92-BA8B-B80538FA6DD1}.Debug|Any CPU.Build.0 = Debug|Any CPU
		{2A6B465E-AD4D-4C92-BA8B-B80538FA6DD1}.Release|Any CPU.ActiveCfg = Release|Any CPU
		{2A6B465E-AD4D-4C92-BA8B-B80538FA6DD1}.Release|Any CPU.Build.0 = Release|Any CPU
	EndGlobalSection
	GlobalSection(SolutionProperties) = preSolution
		HideSolutionNode = FALSE
	EndGlobalSection
	GlobalSection(ExtensibilityGlobals) = postSolution
		SolutionGuid = {887CA8D5-C568-4EA8-AE92-C9105CAF7FBE}
	EndGlobalSection
EndGlobal
